
Microsoft Visual Studio Solution File, Format Version 12.00
# Visual Studio 15
VisualStudioVersion = 15.0.28307.705
MinimumVisualStudioVersion = 10.0.40219.1
Project("{8BC9CEB8-8B4A-11D0-8D11-00A0C91BC942}") = "Week1", "Week1\Week1.vcxproj", "{729A5B2D-BF04-46BE-85AF-2628B57E3A22}"
EndProject
Project("{8BC9CEB8-8B4A-11D0-8D11-00A0C91BC942}") = "Week2", "Week2\Week2.vcxproj", "{DC9DD666-126E-4BBB-AA7A-E807D1488E51}"
EndProject
Global
	GlobalSection(SolutionConfigurationPlatforms) = preSolution
		Debug|x64 = Debug|x64
		Debug|x86 = Debug|x86
		Release|x64 = Release|x64
		Release|x86 = Release|x86
	EndGlobalSection
	GlobalSection(ProjectConfigurationPlatforms) = postSolution
		{729A5B2D-BF04-46BE-85AF-2628B57E3A22}.Debug|x64.ActiveCfg = Debug|x64
		{729A5B2D-BF04-46BE-85AF-2628B57E3A22}.Debug|x64.Build.0 = Debug|x64
		{729A5B2D-BF04-46BE-85AF-2628B57E3A22}.Debug|x86.ActiveCfg = Debug|Win32
		{729A5B2D-BF04-46BE-85AF-2628B57E3A22}.Debug|x86.Build.0 = Debug|Win32
		{729A5B2D-BF04-46BE-85AF-2628B57E3A22}.Release|x64.ActiveCfg = Release|x64
		{729A5B2D-BF04-46BE-85AF-2628B57E3A22}.Release|x64.Build.0 = Release|x64
		{729A5B2D-BF04-46BE-85AF-2628B57E3A22}.Release|x86.ActiveCfg = Release|Win32
		{729A5B2D-BF04-46BE-85AF-2628B57E3A22}.Release|x86.Build.0 = Release|Win32
		{DC9DD666-126E-4BBB-AA7A-E807D1488E51}.Debug|x64.ActiveCfg = Debug|x64
		{DC9DD666-126E-4BBB-AA7A-E807D1488E51}.Debug|x64.Build.0 = Debug|x64
		{DC9DD666-126E-4BBB-AA7A-E807D1488E51}.Debug|x86.ActiveCfg = Debug|Win32
		{DC9DD666-126E-4BBB-AA7A-E807D1488E51}.Debug|x86.Build.0 = Debug|Win32
		{DC9DD666-126E-4BBB-AA7A-E807D1488E51}.Release|x64.ActiveCfg = Release|x64
		{DC9DD666-126E-4BBB-AA7A-E807D1488E51}.Release|x64.Build.0 = Release|x64
		{DC9DD666-126E-4BBB-AA7A-E807D1488E51}.Release|x86.ActiveCfg = Release|Win32
		{DC9DD666-126E-4BBB-AA7A-E807D1488E51}.Release|x86.Build.0 = Release|Win32
	EndGlobalSection
	GlobalSection(SolutionProperties) = preSolution
		HideSolutionNode = FALSE
	EndGlobalSection
	GlobalSection(ExtensibilityGlobals) = postSolution
		SolutionGuid = {DEA20662-F926-4771-9138-9F59831F0A79}
	EndGlobalSection
EndGlobal
